
Microsoft Visual Studio Solution File, Format Version 12.00
Project("{FAE04EC0-301F-11D3-BF4B-00C04F79EFBC}") = "ImageManipulator", "ImageManipulator\ImageManipulator.csproj", "{657A745A-5A16-4F4F-B74B-8CDB2286A042}"
EndProject
Global
	GlobalSection(SolutionConfigurationPlatforms) = preSolution
		Debug|Any CPU = Debug|Any CPU
		Release|Any CPU = Release|Any CPU
	EndGlobalSection
	GlobalSection(ProjectConfigurationPlatforms) = postSolution
		{657A745A-5A16-4F4F-B74B-8CDB2286A042}.Debug|Any CPU.ActiveCfg = Debug|Any CPU
		{657A745A-5A16-4F4F-B74B-8CDB2286A042}.Debug|Any CPU.Build.0 = Debug|Any CPU
		{657A745A-5A16-4F4F-B74B-8CDB2286A042}.Release|Any CPU.ActiveCfg = Release|Any CPU
		{657A745A-5A16-4F4F-B74B-8CDB2286A042}.Release|Any CPU.Build.0 = Release|Any CPU
	EndGlobalSection
EndGlobal
